
Microsoft Visual Studio Solution File, Format Version 12.00
# Visual Studio Version 16
VisualStudioVersion = 16.0.31702.278
MinimumVisualStudioVersion = 10.0.40219.1
Project("{FAE04EC0-301F-11D3-BF4B-00C04F79EFBC}") = "TimeToSleep", "TimeToSleep.csproj", "{5E4E892F-785B-404C-97E2-4B1FB6E2511B}"
EndProject
Global
	GlobalSection(SolutionConfigurationPlatforms) = preSolution
		Debug|Any CPU = Debug|Any CPU
		Release|Any CPU = Release|Any CPU
	EndGlobalSection
	GlobalSection(ProjectConfigurationPlatforms) = postSolution
		{5E4E892F-785B-404C-97E2-4B1FB6E2511B}.Debug|Any CPU.ActiveCfg = Debug|Any CPU
		{5E4E892F-785B-404C-97E2-4B1FB6E2511B}.Debug|Any CPU.Build.0 = Debug|Any CPU
		{5E4E892F-785B-404C-97E2-4B1FB6E2511B}.Release|Any CPU.ActiveCfg = Release|Any CPU
		{5E4E892F-785B-404C-97E2-4B1FB6E2511B}.Release|Any CPU.Build.0 = Release|Any CPU
	EndGlobalSection
	GlobalSection(SolutionProperties) = preSolution
		HideSolutionNode = FALSE
	EndGlobalSection
	GlobalSection(ExtensibilityGlobals) = postSolution
		SolutionGuid = {2C3FB1F5-B755-44E9-8107-143E5507DD2F}
	EndGlobalSection
EndGlobal
